
Microsoft Visual Studio Solution File, Format Version 12.00
# Visual Studio Version 17
VisualStudioVersion = 17.9.34728.123
MinimumVisualStudioVersion = 10.0.40219.1
Project("{8BC9CEB8-8B4A-11D0-8D11-00A0C91BC942}") = "Project_Mathematical_Game", "Project_Mathematical_Game\Project_Mathematical_Game.vcxproj", "{8581A92A-2D70-498F-BC09-A04361E4214F}"
EndProject
Global
	GlobalSection(SolutionConfigurationPlatforms) = preSolution
		Debug|x64 = Debug|x64
		Debug|x86 = Debug|x86
		Release|x64 = Release|x64
		Release|x86 = Release|x86
	EndGlobalSection
	GlobalSection(ProjectConfigurationPlatforms) = postSolution
		{8581A92A-2D70-498F-BC09-A04361E4214F}.Debug|x64.ActiveCfg = Debug|x64
		{8581A92A-2D70-498F-BC09-A04361E4214F}.Debug|x64.Build.0 = Debug|x64
		{8581A92A-2D70-498F-BC09-A04361E4214F}.Debug|x86.ActiveCfg = Debug|Win32
		{8581A92A-2D70-498F-BC09-A04361E4214F}.Debug|x86.Build.0 = Debug|Win32
		{8581A92A-2D70-498F-BC09-A04361E4214F}.Release|x64.ActiveCfg = Release|x64
		{8581A92A-2D70-498F-BC09-A04361E4214F}.Release|x64.Build.0 = Release|x64
		{8581A92A-2D70-498F-BC09-A04361E4214F}.Release|x86.ActiveCfg = Release|Win32
		{8581A92A-2D70-498F-BC09-A04361E4214F}.Release|x86.Build.0 = Release|Win32
	EndGlobalSection
	GlobalSection(SolutionProperties) = preSolution
		HideSolutionNode = FALSE
	EndGlobalSection
	GlobalSection(ExtensibilityGlobals) = postSolution
		SolutionGuid = {993A7103-6E79-4009-A2DE-53CDD5BABB4C}
	EndGlobalSection
EndGlobal
